# This file is automatically @generated by Poetry 1.7.1 and should not be changed by hand.

[[package]]
name = "polars"
version = "0.20.1"
description = "Blazingly fast DataFrame library"
optional = false
python-versions = ">=3.8"
files = [
    {file = "polars-0.20.1-cp38-abi3-macosx_10_12_x86_64.whl", hash = "sha256:d26ce66090a0094f10d9fa8c6989df685f39b4a908d13729c46050d6ea10332f"},
    {file = "polars-0.20.1-cp38-abi3-macosx_11_0_arm64.whl", hash = "sha256:92cb6abd2ff7fdb3ed20ae3ea22b4de41a70cf1c8bd23158b1dad6d5178b4b15"},
    {file = "polars-0.20.1-cp38-abi3-manylinux_2_17_x86_64.manylinux2014_x86_64.whl", hash = "sha256:8fe552e685cd3d51902c82c374332168709938b7256de0c21a90f189461a6aae"},
    {file = "polars-0.20.1-cp38-abi3-manylinux_2_24_aarch64.whl", hash = "sha256:df085fbdda636b7a31b3e9d770ed55e795d04b227148cc4c779bd32397088aec"},
    {file = "polars-0.20.1-cp38-abi3-win_amd64.whl", hash = "sha256:9a83151b5073e881ac3f4e12d9d5e724feb7bab3072e68012bd49d0da39d70a5"},
    {file = "polars-0.20.1.tar.gz", hash = "sha256:74334cde9a365158b74628476fb04f83bf406a141ec5649e3d5deaa691afa024"},
]

[package.extras]
adbc = ["adbc_driver_sqlite"]
all = ["polars[adbc,cloudpickle,connectorx,deltalake,fsspec,gevent,matplotlib,numpy,pandas,pyarrow,pydantic,pyiceberg,sqlalchemy,timezone,xlsx2csv,xlsxwriter]"]
cloudpickle = ["cloudpickle"]
connectorx = ["connectorx (>=0.3.2)"]
deltalake = ["deltalake (>=0.14.0)"]
fsspec = ["fsspec"]
gevent = ["gevent"]
matplotlib = ["matplotlib"]
numpy = ["numpy (>=1.16.0)"]
openpyxl = ["openpyxl (>=3.0.0)"]
pandas = ["pandas", "pyarrow (>=7.0.0)"]
pyarrow = ["pyarrow (>=7.0.0)"]
pydantic = ["pydantic"]
pyiceberg = ["pyiceberg (>=0.5.0)"]
pyxlsb = ["pyxlsb (>=1.0)"]
sqlalchemy = ["pandas", "sqlalchemy"]
timezone = ["backports.zoneinfo", "tzdata"]
xlsx2csv = ["xlsx2csv (>=0.8.0)"]
xlsxwriter = ["xlsxwriter"]

[metadata]
lock-version = "2.0"
python-versions = "^3.11"
content-hash = "8352d5d97541abe8baadf3a698cd17ea5bf6bb4c048d1252d940476f793dd7e9"
